
Microsoft Visual Studio Solution File, Format Version 12.00
# Visual Studio Version 17
VisualStudioVersion = 17.4.33213.308
MinimumVisualStudioVersion = 10.0.40219.1
Project("{FAE04EC0-301F-11D3-BF4B-00C04F79EFBC}") = "WebApplication1", "WebApplication1\WebApplication1.csproj", "{B83AB3A1-6D53-4BB7-8761-A870139C7CDD}"
EndProject
Global
	GlobalSection(SolutionConfigurationPlatforms) = preSolution
		Debug|Any CPU = Debug|Any CPU
		Release|Any CPU = Release|Any CPU
	EndGlobalSection
	GlobalSection(ProjectConfigurationPlatforms) = postSolution
		{B83AB3A1-6D53-4BB7-8761-A870139C7CDD}.Debug|Any CPU.ActiveCfg = Debug|Any CPU
		{B83AB3A1-6D53-4BB7-8761-A870139C7CDD}.Debug|Any CPU.Build.0 = Debug|Any CPU
		{B83AB3A1-6D53-4BB7-8761-A870139C7CDD}.Release|Any CPU.ActiveCfg = Release|Any CPU
		{B83AB3A1-6D53-4BB7-8761-A870139C7CDD}.Release|Any CPU.Build.0 = Release|Any CPU
	EndGlobalSection
	GlobalSection(SolutionProperties) = preSolution
		HideSolutionNode = FALSE
	EndGlobalSection
	GlobalSection(ExtensibilityGlobals) = postSolution
		SolutionGuid = {655FF679-FC9B-49B9-B38D-6819A8E90940}
	EndGlobalSection
EndGlobal
